
Microsoft Visual Studio Solution File, Format Version 12.00
# Visual Studio Version 16
VisualStudioVersion = 16.0.32630.194
MinimumVisualStudioVersion = 10.0.40219.1
Project("{FAE04EC0-301F-11D3-BF4B-00C04F79EFBC}") = "githubapp", "githubapp.csproj", "{66F2E3E7-EF58-4AB4-9635-8EEF24E9BE37}"
EndProject
Global
	GlobalSection(SolutionConfigurationPlatforms) = preSolution
		Debug|Any CPU = Debug|Any CPU
		Release|Any CPU = Release|Any CPU
	EndGlobalSection
	GlobalSection(ProjectConfigurationPlatforms) = postSolution
		{66F2E3E7-EF58-4AB4-9635-8EEF24E9BE37}.Debug|Any CPU.ActiveCfg = Debug|Any CPU
		{66F2E3E7-EF58-4AB4-9635-8EEF24E9BE37}.Debug|Any CPU.Build.0 = Debug|Any CPU
		{66F2E3E7-EF58-4AB4-9635-8EEF24E9BE37}.Release|Any CPU.ActiveCfg = Release|Any CPU
		{66F2E3E7-EF58-4AB4-9635-8EEF24E9BE37}.Release|Any CPU.Build.0 = Release|Any CPU
	EndGlobalSection
	GlobalSection(SolutionProperties) = preSolution
		HideSolutionNode = FALSE
	EndGlobalSection
	GlobalSection(ExtensibilityGlobals) = postSolution
		SolutionGuid = {AAD99C4D-A18F-485F-98B7-AADE5090B2A7}
	EndGlobalSection
EndGlobal
